
Microsoft Visual Studio Solution File, Format Version 12.00
# Visual Studio Version 16
VisualStudioVersion = 16.0.28922.388
MinimumVisualStudioVersion = 10.0.40219.1
Project("{FAE04EC0-301F-11D3-BF4B-00C04F79EFBC}") = "PROYECTO FINAL", "Mockup\PROYECTO FINAL.csproj", "{91132733-1DAE-468F-A3A6-AA4A7C2B3188}"
EndProject
Global
	GlobalSection(SolutionConfigurationPlatforms) = preSolution
		Debug|Any CPU = Debug|Any CPU
		Release|Any CPU = Release|Any CPU
	EndGlobalSection
	GlobalSection(ProjectConfigurationPlatforms) = postSolution
		{91132733-1DAE-468F-A3A6-AA4A7C2B3188}.Debug|Any CPU.ActiveCfg = Debug|Any CPU
		{91132733-1DAE-468F-A3A6-AA4A7C2B3188}.Debug|Any CPU.Build.0 = Debug|Any CPU
		{91132733-1DAE-468F-A3A6-AA4A7C2B3188}.Release|Any CPU.ActiveCfg = Release|Any CPU
		{91132733-1DAE-468F-A3A6-AA4A7C2B3188}.Release|Any CPU.Build.0 = Release|Any CPU
	EndGlobalSection
	GlobalSection(SolutionProperties) = preSolution
		HideSolutionNode = FALSE
	EndGlobalSection
	GlobalSection(ExtensibilityGlobals) = postSolution
		SolutionGuid = {DB35A0BD-5A46-4E18-8447-5F5679E72434}
	EndGlobalSection
EndGlobal
